// !$*UTF8*$!
{
	archiveVersion = 1;
	classes = {
	};
	objectVersion = 77;
	objects = {

/* Begin PBXBuildFile section */
		05096A322D72C01000563E91 /* AppDelegate.swift in Sources */ = {isa = PBXBuildFile; fileRef = 05096A282D72C01000563E91 /* AppDelegate.swift */; };
		05096A352D72C01000563E91 /* Assets.xcassets in Resources */ = {isa = PBXBuildFile; fileRef = 05096A292D72C01000563E91 /* Assets.xcassets */; };
		05096A372D72C01000563E91 /* LaunchScreen.storyboard in Resources */ = {isa = PBXBuildFile; fileRef = 05096A2C2D72C01000563E91 /* LaunchScreen.storyboard */; };
		05096A3B2D72C01400563E91 /* RIBsArchitectureTests.swift in Sources */ = {isa = PBXBuildFile; fileRef = 05096A392D72C01400563E91 /* RIBsArchitectureTests.swift */; };
		05096A3F2D72C01700563E91 /* RIBsArchitectureUITests.swift in Sources */ = {isa = PBXBuildFile; fileRef = 05096A3C2D72C01700563E91 /* RIBsArchitectureUITests.swift */; };
		05096A402D72C01700563E91 /* RIBsArchitectureUITestsLaunchTests.swift in Sources */ = {isa = PBXBuildFile; fileRef = 05096A3D2D72C01700563E91 /* RIBsArchitectureUITestsLaunchTests.swift */; };
		05096A432D74242D00563E91 /* ModernRIBs in Frameworks */ = {isa = PBXBuildFile; productRef = 05096A422D74242D00563E91 /* ModernRIBs */; };
		059C2C2E2D9BF24F004D9D4B /* FinanceHomeInteractor.swift in Sources */ = {isa = PBXBuildFile; fileRef = 059C2C2D2D9BF24F004D9D4B /* FinanceHomeInteractor.swift */; };
		059C2C302D9BF2AE004D9D4B /* FinanceHomeBuilder.swift in Sources */ = {isa = PBXBuildFile; fileRef = 059C2C2F2D9BF2AE004D9D4B /* FinanceHomeBuilder.swift */; };
		059C2C322D9BF2D7004D9D4B /* FinanceHomeViewController.swift in Sources */ = {isa = PBXBuildFile; fileRef = 059C2C312D9BF2D7004D9D4B /* FinanceHomeViewController.swift */; };
		059C2C342D9BF309004D9D4B /* FinanceHomeRouter.swift in Sources */ = {isa = PBXBuildFile; fileRef = 059C2C332D9BF309004D9D4B /* FinanceHomeRouter.swift */; };
		059C2C362D9D1804004D9D4B /* RideTypeView.swift in Sources */ = {isa = PBXBuildFile; fileRef = 059C2C352D9D1804004D9D4B /* RideTypeView.swift */; };
		059C2C382D9D1882004D9D4B /* SuperPayView.swift in Sources */ = {isa = PBXBuildFile; fileRef = 059C2C372D9D1882004D9D4B /* SuperPayView.swift */; };
		059C2C3A2D9D18D4004D9D4B /* TransportHomeViewController.swift in Sources */ = {isa = PBXBuildFile; fileRef = 059C2C392D9D18D4004D9D4B /* TransportHomeViewController.swift */; };
		059C2C3C2D9D193D004D9D4B /* TransportHomeRouter.swift in Sources */ = {isa = PBXBuildFile; fileRef = 059C2C3B2D9D193D004D9D4B /* TransportHomeRouter.swift */; };
		059C2C3E2D9D1953004D9D4B /* TransportHomeBuilder.swift in Sources */ = {isa = PBXBuildFile; fileRef = 059C2C3D2D9D1953004D9D4B /* TransportHomeBuilder.swift */; };
		059C2C402D9D1971004D9D4B /* TransportHomeInteractor.swift in Sources */ = {isa = PBXBuildFile; fileRef = 059C2C3F2D9D1971004D9D4B /* TransportHomeInteractor.swift */; };
		05E5EBC62D8EC05E00F0CB97 /* Array+Utils.swift in Sources */ = {isa = PBXBuildFile; fileRef = 05E5EBC52D8EC05E00F0CB97 /* Array+Utils.swift */; };
		05E5EBC82D8EC0DC00F0CB97 /* UIImage+Utils.swift in Sources */ = {isa = PBXBuildFile; fileRef = 05E5EBC72D8EC0DC00F0CB97 /* UIImage+Utils.swift */; };
		05E5EBCA2D8EC1C200F0CB97 /* UITableView+Utils.swift in Sources */ = {isa = PBXBuildFile; fileRef = 05E5EBC92D8EC1C200F0CB97 /* UITableView+Utils.swift */; };
		05E5EBCC2D8EC35500F0CB97 /* UIColor+Super.swift in Sources */ = {isa = PBXBuildFile; fileRef = 05E5EBCB2D8EC35500F0CB97 /* UIColor+Super.swift */; };
		05E5EBCE2D8EC38B00F0CB97 /* UIColor+Utils.swift in Sources */ = {isa = PBXBuildFile; fileRef = 05E5EBCD2D8EC38B00F0CB97 /* UIColor+Utils.swift */; };
		05E5EBD02D8EC3AD00F0CB97 /* UIView+Utils.swift in Sources */ = {isa = PBXBuildFile; fileRef = 05E5EBCF2D8EC3AD00F0CB97 /* UIView+Utils.swift */; };
		05E5EBD22D8EC3D200F0CB97 /* PushModalPresentationController.swift in Sources */ = {isa = PBXBuildFile; fileRef = 05E5EBD12D8EC3D200F0CB97 /* PushModalPresentationController.swift */; };
		05E5EBD42D8EC60B00F0CB97 /* RIBs+Utils.swift in Sources */ = {isa = PBXBuildFile; fileRef = 05E5EBD32D8EC60B00F0CB97 /* RIBs+Utils.swift */; };
		05E5EBD62D8FFD3500F0CB97 /* ProfileHomeBuilder.swift in Sources */ = {isa = PBXBuildFile; fileRef = 05E5EBD52D8FFD3500F0CB97 /* ProfileHomeBuilder.swift */; };
		05E5EBD82D8FFE5500F0CB97 /* ProfileHomeInteractor.swift in Sources */ = {isa = PBXBuildFile; fileRef = 05E5EBD72D8FFE5500F0CB97 /* ProfileHomeInteractor.swift */; };
		05E5EBDA2D8FFEF200F0CB97 /* ProfileHomeViewController.swift in Sources */ = {isa = PBXBuildFile; fileRef = 05E5EBD92D8FFEF200F0CB97 /* ProfileHomeViewController.swift */; };
		05E5EBDC2D8FFF1700F0CB97 /* ProfileHomeRouter.swift in Sources */ = {isa = PBXBuildFile; fileRef = 05E5EBDB2D8FFF1700F0CB97 /* ProfileHomeRouter.swift */; };
/* End PBXBuildFile section */

/* Begin PBXContainerItemProxy section */
		050969DF2D71CFED00563E91 /* PBXContainerItemProxy */ = {
			isa = PBXContainerItemProxy;
			containerPortal = 050969C02D71CFEB00563E91 /* Project object */;
			proxyType = 1;
			remoteGlobalIDString = 050969C72D71CFEB00563E91;
			remoteInfo = RIBsArchitecture;
		};
		050969E92D71CFED00563E91 /* PBXContainerItemProxy */ = {
			isa = PBXContainerItemProxy;
			containerPortal = 050969C02D71CFEB00563E91 /* Project object */;
			proxyType = 1;
			remoteGlobalIDString = 050969C72D71CFEB00563E91;
			remoteInfo = RIBsArchitecture;
		};
/* End PBXContainerItemProxy section */

/* Begin PBXFileReference section */
		050969C82D71CFEB00563E91 /* RIBsArchitecture.app */ = {isa = PBXFileReference; explicitFileType = wrapper.application; includeInIndex = 0; path = RIBsArchitecture.app; sourceTree = BUILT_PRODUCTS_DIR; };
		050969DE2D71CFED00563E91 /* RIBsArchitectureTests.xctest */ = {isa = PBXFileReference; explicitFileType = wrapper.cfbundle; includeInIndex = 0; path = RIBsArchitectureTests.xctest; sourceTree = BUILT_PRODUCTS_DIR; };
		050969E82D71CFED00563E91 /* RIBsArchitectureUITests.xctest */ = {isa = PBXFileReference; explicitFileType = wrapper.cfbundle; includeInIndex = 0; path = RIBsArchitectureUITests.xctest; sourceTree = BUILT_PRODUCTS_DIR; };
		05096A282D72C01000563E91 /* AppDelegate.swift */ = {isa = PBXFileReference; lastKnownFileType = sourcecode.swift; path = AppDelegate.swift; sourceTree = "<group>"; };
		05096A292D72C01000563E91 /* Assets.xcassets */ = {isa = PBXFileReference; lastKnownFileType = folder.assetcatalog; path = Assets.xcassets; sourceTree = "<group>"; };
		05096A2A2D72C01000563E91 /* Info.plist */ = {isa = PBXFileReference; lastKnownFileType = text.plist.xml; path = Info.plist; sourceTree = "<group>"; };
		05096A2B2D72C01000563E91 /* Base */ = {isa = PBXFileReference; lastKnownFileType = file.storyboard; name = Base; path = Base.lproj/LaunchScreen.storyboard; sourceTree = "<group>"; };
		05096A392D72C01400563E91 /* RIBsArchitectureTests.swift */ = {isa = PBXFileReference; lastKnownFileType = sourcecode.swift; path = RIBsArchitectureTests.swift; sourceTree = "<group>"; };
		05096A3C2D72C01700563E91 /* RIBsArchitectureUITests.swift */ = {isa = PBXFileReference; lastKnownFileType = sourcecode.swift; path = RIBsArchitectureUITests.swift; sourceTree = "<group>"; };
		05096A3D2D72C01700563E91 /* RIBsArchitectureUITestsLaunchTests.swift */ = {isa = PBXFileReference; lastKnownFileType = sourcecode.swift; path = RIBsArchitectureUITestsLaunchTests.swift; sourceTree = "<group>"; };
		059C2C2D2D9BF24F004D9D4B /* FinanceHomeInteractor.swift */ = {isa = PBXFileReference; lastKnownFileType = sourcecode.swift; path = FinanceHomeInteractor.swift; sourceTree = "<group>"; };
		059C2C2F2D9BF2AE004D9D4B /* FinanceHomeBuilder.swift */ = {isa = PBXFileReference; lastKnownFileType = sourcecode.swift; path = FinanceHomeBuilder.swift; sourceTree = "<group>"; };
		059C2C312D9BF2D7004D9D4B /* FinanceHomeViewController.swift */ = {isa = PBXFileReference; lastKnownFileType = sourcecode.swift; path = FinanceHomeViewController.swift; sourceTree = "<group>"; };
		059C2C332D9BF309004D9D4B /* FinanceHomeRouter.swift */ = {isa = PBXFileReference; lastKnownFileType = sourcecode.swift; path = FinanceHomeRouter.swift; sourceTree = "<group>"; };
		059C2C352D9D1804004D9D4B /* RideTypeView.swift */ = {isa = PBXFileReference; lastKnownFileType = sourcecode.swift; path = RideTypeView.swift; sourceTree = "<group>"; };
		059C2C372D9D1882004D9D4B /* SuperPayView.swift */ = {isa = PBXFileReference; lastKnownFileType = sourcecode.swift; path = SuperPayView.swift; sourceTree = "<group>"; };
		059C2C392D9D18D4004D9D4B /* TransportHomeViewController.swift */ = {isa = PBXFileReference; lastKnownFileType = sourcecode.swift; path = TransportHomeViewController.swift; sourceTree = "<group>"; };
		059C2C3B2D9D193D004D9D4B /* TransportHomeRouter.swift */ = {isa = PBXFileReference; lastKnownFileType = sourcecode.swift; path = TransportHomeRouter.swift; sourceTree = "<group>"; };
		059C2C3D2D9D1953004D9D4B /* TransportHomeBuilder.swift */ = {isa = PBXFileReference; lastKnownFileType = sourcecode.swift; path = TransportHomeBuilder.swift; sourceTree = "<group>"; };
		059C2C3F2D9D1971004D9D4B /* TransportHomeInteractor.swift */ = {isa = PBXFileReference; lastKnownFileType = sourcecode.swift; path = TransportHomeInteractor.swift; sourceTree = "<group>"; };
		05E5EBC52D8EC05E00F0CB97 /* Array+Utils.swift */ = {isa = PBXFileReference; lastKnownFileType = sourcecode.swift; path = "Array+Utils.swift"; sourceTree = "<group>"; };
		05E5EBC72D8EC0DC00F0CB97 /* UIImage+Utils.swift */ = {isa = PBXFileReference; lastKnownFileType = sourcecode.swift; path = "UIImage+Utils.swift"; sourceTree = "<group>"; };
		05E5EBC92D8EC1C200F0CB97 /* UITableView+Utils.swift */ = {isa = PBXFileReference; lastKnownFileType = sourcecode.swift; path = "UITableView+Utils.swift"; sourceTree = "<group>"; };
		05E5EBCB2D8EC35500F0CB97 /* UIColor+Super.swift */ = {isa = PBXFileReference; lastKnownFileType = sourcecode.swift; path = "UIColor+Super.swift"; sourceTree = "<group>"; };
		05E5EBCD2D8EC38B00F0CB97 /* UIColor+Utils.swift */ = {isa = PBXFileReference; lastKnownFileType = sourcecode.swift; path = "UIColor+Utils.swift"; sourceTree = "<group>"; };
		05E5EBCF2D8EC3AD00F0CB97 /* UIView+Utils.swift */ = {isa = PBXFileReference; lastKnownFileType = sourcecode.swift; path = "UIView+Utils.swift"; sourceTree = "<group>"; };
		05E5EBD12D8EC3D200F0CB97 /* PushModalPresentationController.swift */ = {isa = PBXFileReference; lastKnownFileType = sourcecode.swift; path = PushModalPresentationController.swift; sourceTree = "<group>"; };
		05E5EBD32D8EC60B00F0CB97 /* RIBs+Utils.swift */ = {isa = PBXFileReference; lastKnownFileType = sourcecode.swift; path = "RIBs+Utils.swift"; sourceTree = "<group>"; };
		05E5EBD52D8FFD3500F0CB97 /* ProfileHomeBuilder.swift */ = {isa = PBXFileReference; lastKnownFileType = sourcecode.swift; path = ProfileHomeBuilder.swift; sourceTree = "<group>"; };
		05E5EBD72D8FFE5500F0CB97 /* ProfileHomeInteractor.swift */ = {isa = PBXFileReference; lastKnownFileType = sourcecode.swift; path = ProfileHomeInteractor.swift; sourceTree = "<group>"; };
		05E5EBD92D8FFEF200F0CB97 /* ProfileHomeViewController.swift */ = {isa = PBXFileReference; lastKnownFileType = sourcecode.swift; path = ProfileHomeViewController.swift; sourceTree = "<group>"; };
		05E5EBDB2D8FFF1700F0CB97 /* ProfileHomeRouter.swift */ = {isa = PBXFileReference; lastKnownFileType = sourcecode.swift; path = ProfileHomeRouter.swift; sourceTree = "<group>"; };
/* End PBXFileReference section */

/* Begin PBXFrameworksBuildPhase section */
		050969C52D71CFEB00563E91 /* Frameworks */ = {
			isa = PBXFrameworksBuildPhase;
			buildActionMask = 2147483647;
			files = (
				05096A432D74242D00563E91 /* ModernRIBs in Frameworks */,
			);
			runOnlyForDeploymentPostprocessing = 0;
		};
		050969DB2D71CFED00563E91 /* Frameworks */ = {
			isa = PBXFrameworksBuildPhase;
			buildActionMask = 2147483647;
			files = (
			);
			runOnlyForDeploymentPostprocessing = 0;
		};
		050969E52D71CFED00563E91 /* Frameworks */ = {
			isa = PBXFrameworksBuildPhase;
			buildActionMask = 2147483647;
			files = (
			);
			runOnlyForDeploymentPostprocessing = 0;
		};
/* End PBXFrameworksBuildPhase section */

/* Begin PBXGroup section */
		050969BF2D71CFEB00563E91 = {
			isa = PBXGroup;
			children = (
				05096A312D72C01000563E91 /* RIBsArchitecture */,
				05096A3A2D72C01400563E91 /* RIBsArchitectureTests */,
				05096A3E2D72C01700563E91 /* RIBsArchitectureUITests */,
				050969C92D71CFEB00563E91 /* Products */,
			);
			sourceTree = "<group>";
		};
		050969C92D71CFEB00563E91 /* Products */ = {
			isa = PBXGroup;
			children = (
				050969C82D71CFEB00563E91 /* RIBsArchitecture.app */,
				050969DE2D71CFED00563E91 /* RIBsArchitectureTests.xctest */,
				050969E82D71CFED00563E91 /* RIBsArchitectureUITests.xctest */,
			);
			name = Products;
			sourceTree = "<group>";
		};
		05096A312D72C01000563E91 /* RIBsArchitecture */ = {
			isa = PBXGroup;
			children = (
				05096A442D75AB4D00563E91 /* AppDelegate */,
				05E5EBC42D8EC04800F0CB97 /* AppRoot */,
				05E5EBBE2D8EC02000F0CB97 /* AppHome */,
				05E5EBBD2D8EC01500F0CB97 /* TransportHome */,
				05E5EBBC2D8EC00E00F0CB97 /* FinanceHome */,
				05E5EBBB2D8EC00300F0CB97 /* ProfileHome */,
				05E5EBBA2D8EBFF600F0CB97 /* Utils */,
				05096A292D72C01000563E91 /* Assets.xcassets */,
				05096A2A2D72C01000563E91 /* Info.plist */,
				05096A2C2D72C01000563E91 /* LaunchScreen.storyboard */,
			);
			path = RIBsArchitecture;
			sourceTree = "<group>";
		};
		05096A3A2D72C01400563E91 /* RIBsArchitectureTests */ = {
			isa = PBXGroup;
			children = (
				05096A392D72C01400563E91 /* RIBsArchitectureTests.swift */,
			);
			path = RIBsArchitectureTests;
			sourceTree = "<group>";
		};
		05096A3E2D72C01700563E91 /* RIBsArchitectureUITests */ = {
			isa = PBXGroup;
			children = (
				05096A3C2D72C01700563E91 /* RIBsArchitectureUITests.swift */,
				05096A3D2D72C01700563E91 /* RIBsArchitectureUITestsLaunchTests.swift */,
			);
			path = RIBsArchitectureUITests;
			sourceTree = "<group>";
		};
		05096A442D75AB4D00563E91 /* AppDelegate */ = {
			isa = PBXGroup;
			children = (
				05096A282D72C01000563E91 /* AppDelegate.swift */,
			);
			path = AppDelegate;
			sourceTree = "<group>";
		};
		05E5EBBA2D8EBFF600F0CB97 /* Utils */ = {
			isa = PBXGroup;
			children = (
				05E5EBC52D8EC05E00F0CB97 /* Array+Utils.swift */,
				05E5EBC72D8EC0DC00F0CB97 /* UIImage+Utils.swift */,
				05E5EBC92D8EC1C200F0CB97 /* UITableView+Utils.swift */,
				05E5EBCB2D8EC35500F0CB97 /* UIColor+Super.swift */,
				05E5EBCD2D8EC38B00F0CB97 /* UIColor+Utils.swift */,
				05E5EBCF2D8EC3AD00F0CB97 /* UIView+Utils.swift */,
				05E5EBD12D8EC3D200F0CB97 /* PushModalPresentationController.swift */,
				05E5EBD32D8EC60B00F0CB97 /* RIBs+Utils.swift */,
			);
			path = Utils;
			sourceTree = "<group>";
		};
		05E5EBBB2D8EC00300F0CB97 /* ProfileHome */ = {
			isa = PBXGroup;
			children = (
				05E5EBDB2D8FFF1700F0CB97 /* ProfileHomeRouter.swift */,
				05E5EBD92D8FFEF200F0CB97 /* ProfileHomeViewController.swift */,
				05E5EBD52D8FFD3500F0CB97 /* ProfileHomeBuilder.swift */,
				05E5EBD72D8FFE5500F0CB97 /* ProfileHomeInteractor.swift */,
			);
			path = ProfileHome;
			sourceTree = "<group>";
		};
		05E5EBBC2D8EC00E00F0CB97 /* FinanceHome */ = {
			isa = PBXGroup;
			children = (
				059C2C332D9BF309004D9D4B /* FinanceHomeRouter.swift */,
				059C2C312D9BF2D7004D9D4B /* FinanceHomeViewController.swift */,
				059C2C2F2D9BF2AE004D9D4B /* FinanceHomeBuilder.swift */,
				059C2C2D2D9BF24F004D9D4B /* FinanceHomeInteractor.swift */,
			);
			path = FinanceHome;
			sourceTree = "<group>";
		};
		05E5EBBD2D8EC01500F0CB97 /* TransportHome */ = {
			isa = PBXGroup;
			children = (
				059C2C392D9D18D4004D9D4B /* TransportHomeViewController.swift */,
				059C2C3B2D9D193D004D9D4B /* TransportHomeRouter.swift */,
				059C2C3D2D9D1953004D9D4B /* TransportHomeBuilder.swift */,
				059C2C3F2D9D1971004D9D4B /* TransportHomeInteractor.swift */,
				05E5EBBF2D8EC02600F0CB97 /* Views */,
			);
			path = TransportHome;
			sourceTree = "<group>";
		};
		05E5EBBE2D8EC02000F0CB97 /* AppHome */ = {
			isa = PBXGroup;
			children = (
				05E5EBC32D8EC04100F0CB97 /* Views */,
			);
			path = AppHome;
			sourceTree = "<group>";
		};
		05E5EBBF2D8EC02600F0CB97 /* Views */ = {
			isa = PBXGroup;
			children = (
				059C2C352D9D1804004D9D4B /* RideTypeView.swift */,
				059C2C372D9D1882004D9D4B /* SuperPayView.swift */,
			);
			path = Views;
			sourceTree = "<group>";
		};
		05E5EBC32D8EC04100F0CB97 /* Views */ = {
			isa = PBXGroup;
			children = (
			);
			path = Views;
			sourceTree = "<group>";
		};
		05E5EBC42D8EC04800F0CB97 /* AppRoot */ = {
			isa = PBXGroup;
			children = (
			);
			path = AppRoot;
			sourceTree = "<group>";
		};
/* End PBXGroup section */

/* Begin PBXNativeTarget section */
		050969C72D71CFEB00563E91 /* RIBsArchitecture */ = {
			isa = PBXNativeTarget;
			buildConfigurationList = 050969F12D71CFED00563E91 /* Build configuration list for PBXNativeTarget "RIBsArchitecture" */;
			buildPhases = (
				050969C42D71CFEB00563E91 /* Sources */,
				050969C52D71CFEB00563E91 /* Frameworks */,
				050969C62D71CFEB00563E91 /* Resources */,
			);
			buildRules = (
			);
			dependencies = (
			);
			name = RIBsArchitecture;
			packageProductDependencies = (
				05096A422D74242D00563E91 /* ModernRIBs */,
			);
			productName = RIBsArchitecture;
			productReference = 050969C82D71CFEB00563E91 /* RIBsArchitecture.app */;
			productType = "com.apple.product-type.application";
		};
		050969DD2D71CFED00563E91 /* RIBsArchitectureTests */ = {
			isa = PBXNativeTarget;
			buildConfigurationList = 050969F62D71CFED00563E91 /* Build configuration list for PBXNativeTarget "RIBsArchitectureTests" */;
			buildPhases = (
				050969DA2D71CFED00563E91 /* Sources */,
				050969DB2D71CFED00563E91 /* Frameworks */,
				050969DC2D71CFED00563E91 /* Resources */,
			);
			buildRules = (
			);
			dependencies = (
				050969E02D71CFED00563E91 /* PBXTargetDependency */,
			);
			name = RIBsArchitectureTests;
			packageProductDependencies = (
			);
			productName = RIBsArchitectureTests;
			productReference = 050969DE2D71CFED00563E91 /* RIBsArchitectureTests.xctest */;
			productType = "com.apple.product-type.bundle.unit-test";
		};
		050969E72D71CFED00563E91 /* RIBsArchitectureUITests */ = {
			isa = PBXNativeTarget;
			buildConfigurationList = 050969F92D71CFED00563E91 /* Build configuration list for PBXNativeTarget "RIBsArchitectureUITests" */;
			buildPhases = (
				050969E42D71CFED00563E91 /* Sources */,
				050969E52D71CFED00563E91 /* Frameworks */,
				050969E62D71CFED00563E91 /* Resources */,
			);
			buildRules = (
			);
			dependencies = (
				050969EA2D71CFED00563E91 /* PBXTargetDependency */,
			);
			name = RIBsArchitectureUITests;
			packageProductDependencies = (
			);
			productName = RIBsArchitectureUITests;
			productReference = 050969E82D71CFED00563E91 /* RIBsArchitectureUITests.xctest */;
			productType = "com.apple.product-type.bundle.ui-testing";
		};
/* End PBXNativeTarget section */

/* Begin PBXProject section */
		050969C02D71CFEB00563E91 /* Project object */ = {
			isa = PBXProject;
			attributes = {
				BuildIndependentTargetsInParallel = 1;
				LastSwiftUpdateCheck = 1620;
				LastUpgradeCheck = 1620;
				TargetAttributes = {
					050969C72D71CFEB00563E91 = {
						CreatedOnToolsVersion = 16.2;
					};
					050969DD2D71CFED00563E91 = {
						CreatedOnToolsVersion = 16.2;
						TestTargetID = 050969C72D71CFEB00563E91;
					};
					050969E72D71CFED00563E91 = {
						CreatedOnToolsVersion = 16.2;
						TestTargetID = 050969C72D71CFEB00563E91;
					};
				};
			};
			buildConfigurationList = 050969C32D71CFEB00563E91 /* Build configuration list for PBXProject "RIBsArchitecture" */;
			developmentRegion = en;
			hasScannedForEncodings = 0;
			knownRegions = (
				en,
				Base,
			);
			mainGroup = 050969BF2D71CFEB00563E91;
			minimizedProjectReferenceProxies = 1;
			packageReferences = (
				05096A412D74242D00563E91 /* XCRemoteSwiftPackageReference "ModernRIBs" */,
			);
			preferredProjectObjectVersion = 77;
			productRefGroup = 050969C92D71CFEB00563E91 /* Products */;
			projectDirPath = "";
			projectRoot = "";
			targets = (
				050969C72D71CFEB00563E91 /* RIBsArchitecture */,
				050969DD2D71CFED00563E91 /* RIBsArchitectureTests */,
				050969E72D71CFED00563E91 /* RIBsArchitectureUITests */,
			);
		};
/* End PBXProject section */

/* Begin PBXResourcesBuildPhase section */
		050969C62D71CFEB00563E91 /* Resources */ = {
			isa = PBXResourcesBuildPhase;
			buildActionMask = 2147483647;
			files = (
				05096A352D72C01000563E91 /* Assets.xcassets in Resources */,
				05096A372D72C01000563E91 /* LaunchScreen.storyboard in Resources */,
			);
			runOnlyForDeploymentPostprocessing = 0;
		};
		050969DC2D71CFED00563E91 /* Resources */ = {
			isa = PBXResourcesBuildPhase;
			buildActionMask = 2147483647;
			files = (
			);
			runOnlyForDeploymentPostprocessing = 0;
		};
		050969E62D71CFED00563E91 /* Resources */ = {
			isa = PBXResourcesBuildPhase;
			buildActionMask = 2147483647;
			files = (
			);
			runOnlyForDeploymentPostprocessing = 0;
		};
/* End PBXResourcesBuildPhase section */

/* Begin PBXSourcesBuildPhase section */
		050969C42D71CFEB00563E91 /* Sources */ = {
			isa = PBXSourcesBuildPhase;
			buildActionMask = 2147483647;
			files = (
				05E5EBD62D8FFD3500F0CB97 /* ProfileHomeBuilder.swift in Sources */,
				059C2C402D9D1971004D9D4B /* TransportHomeInteractor.swift in Sources */,
				05096A322D72C01000563E91 /* AppDelegate.swift in Sources */,
				059C2C302D9BF2AE004D9D4B /* FinanceHomeBuilder.swift in Sources */,
				059C2C3C2D9D193D004D9D4B /* TransportHomeRouter.swift in Sources */,
				05E5EBDC2D8FFF1700F0CB97 /* ProfileHomeRouter.swift in Sources */,
				059C2C342D9BF309004D9D4B /* FinanceHomeRouter.swift in Sources */,
				05E5EBCC2D8EC35500F0CB97 /* UIColor+Super.swift in Sources */,
				059C2C362D9D1804004D9D4B /* RideTypeView.swift in Sources */,
				05E5EBD82D8FFE5500F0CB97 /* ProfileHomeInteractor.swift in Sources */,
				059C2C322D9BF2D7004D9D4B /* FinanceHomeViewController.swift in Sources */,
				05E5EBD02D8EC3AD00F0CB97 /* UIView+Utils.swift in Sources */,
				059C2C2E2D9BF24F004D9D4B /* FinanceHomeInteractor.swift in Sources */,
				059C2C3A2D9D18D4004D9D4B /* TransportHomeViewController.swift in Sources */,
				05E5EBC62D8EC05E00F0CB97 /* Array+Utils.swift in Sources */,
				05E5EBCE2D8EC38B00F0CB97 /* UIColor+Utils.swift in Sources */,
				05E5EBD22D8EC3D200F0CB97 /* PushModalPresentationController.swift in Sources */,
				05E5EBD42D8EC60B00F0CB97 /* RIBs+Utils.swift in Sources */,
				05E5EBC82D8EC0DC00F0CB97 /* UIImage+Utils.swift in Sources */,
				05E5EBCA2D8EC1C200F0CB97 /* UITableView+Utils.swift in Sources */,
				05E5EBDA2D8FFEF200F0CB97 /* ProfileHomeViewController.swift in Sources */,
				059C2C3E2D9D1953004D9D4B /* TransportHomeBuilder.swift in Sources */,
				059C2C382D9D1882004D9D4B /* SuperPayView.swift in Sources */,
			);
			runOnlyForDeploymentPostprocessing = 0;
		};
		050969DA2D71CFED00563E91 /* Sources */ = {
			isa = PBXSourcesBuildPhase;
			buildActionMask = 2147483647;
			files = (
				05096A3B2D72C01400563E91 /* RIBsArchitectureTests.swift in Sources */,
			);
			runOnlyForDeploymentPostprocessing = 0;
		};
		050969E42D71CFED00563E91 /* Sources */ = {
			isa = PBXSourcesBuildPhase;
			buildActionMask = 2147483647;
			files = (
				05096A3F2D72C01700563E91 /* RIBsArchitectureUITests.swift in Sources */,
				05096A402D72C01700563E91 /* RIBsArchitectureUITestsLaunchTests.swift in Sources */,
			);
			runOnlyForDeploymentPostprocessing = 0;
		};
/* End PBXSourcesBuildPhase section */

/* Begin PBXTargetDependency section */
		050969E02D71CFED00563E91 /* PBXTargetDependency */ = {
			isa = PBXTargetDependency;
			target = 050969C72D71CFEB00563E91 /* RIBsArchitecture */;
			targetProxy = 050969DF2D71CFED00563E91 /* PBXContainerItemProxy */;
		};
		050969EA2D71CFED00563E91 /* PBXTargetDependency */ = {
			isa = PBXTargetDependency;
			target = 050969C72D71CFEB00563E91 /* RIBsArchitecture */;
			targetProxy = 050969E92D71CFED00563E91 /* PBXContainerItemProxy */;
		};
/* End PBXTargetDependency section */

/* Begin PBXVariantGroup section */
		05096A2C2D72C01000563E91 /* LaunchScreen.storyboard */ = {
			isa = PBXVariantGroup;
			children = (
				05096A2B2D72C01000563E91 /* Base */,
			);
			name = LaunchScreen.storyboard;
			sourceTree = "<group>";
		};
/* End PBXVariantGroup section */

/* Begin XCBuildConfiguration section */
		050969F22D71CFED00563E91 /* Debug */ = {
			isa = XCBuildConfiguration;
			buildSettings = {
				ASSETCATALOG_COMPILER_APPICON_NAME = AppIcon;
				ASSETCATALOG_COMPILER_GLOBAL_ACCENT_COLOR_NAME = AccentColor;
				CODE_SIGN_STYLE = Automatic;
				CURRENT_PROJECT_VERSION = 1;
				DEVELOPMENT_TEAM = 7WULLR98GP;
				GENERATE_INFOPLIST_FILE = YES;
				INFOPLIST_FILE = RIBsArchitecture/Info.plist;
				INFOPLIST_KEY_UIApplicationSupportsIndirectInputEvents = YES;
				INFOPLIST_KEY_UILaunchStoryboardName = LaunchScreen;
				INFOPLIST_KEY_UIMainStoryboardFile = Main;
				INFOPLIST_KEY_UISupportedInterfaceOrientations_iPad = "UIInterfaceOrientationPortrait UIInterfaceOrientationPortraitUpsideDown UIInterfaceOrientationLandscapeLeft UIInterfaceOrientationLandscapeRight";
				INFOPLIST_KEY_UISupportedInterfaceOrientations_iPhone = "UIInterfaceOrientationPortrait UIInterfaceOrientationLandscapeLeft UIInterfaceOrientationLandscapeRight";
				LD_RUNPATH_SEARCH_PATHS = (
					"$(inherited)",
					"@executable_path/Frameworks",
				);
				MARKETING_VERSION = 1.0;
				PRODUCT_BUNDLE_IDENTIFIER = com.rafa.RIBsArchitecture;
				PRODUCT_NAME = "$(TARGET_NAME)";
				SWIFT_EMIT_LOC_STRINGS = YES;
				SWIFT_VERSION = 5.0;
				TARGETED_DEVICE_FAMILY = "1,2";
			};
			name = Debug;
		};
		050969F32D71CFED00563E91 /* Release */ = {
			isa = XCBuildConfiguration;
			buildSettings = {
				ASSETCATALOG_COMPILER_APPICON_NAME = AppIcon;
				ASSETCATALOG_COMPILER_GLOBAL_ACCENT_COLOR_NAME = AccentColor;
				CODE_SIGN_STYLE = Automatic;
				CURRENT_PROJECT_VERSION = 1;
				DEVELOPMENT_TEAM = 7WULLR98GP;
				GENERATE_INFOPLIST_FILE = YES;
				INFOPLIST_FILE = RIBsArchitecture/Info.plist;
				INFOPLIST_KEY_UIApplicationSupportsIndirectInputEvents = YES;
				INFOPLIST_KEY_UILaunchStoryboardName = LaunchScreen;
				INFOPLIST_KEY_UIMainStoryboardFile = Main;
				INFOPLIST_KEY_UISupportedInterfaceOrientations_iPad = "UIInterfaceOrientationPortrait UIInterfaceOrientationPortraitUpsideDown UIInterfaceOrientationLandscapeLeft UIInterfaceOrientationLandscapeRight";
				INFOPLIST_KEY_UISupportedInterfaceOrientations_iPhone = "UIInterfaceOrientationPortrait UIInterfaceOrientationLandscapeLeft UIInterfaceOrientationLandscapeRight";
				LD_RUNPATH_SEARCH_PATHS = (
					"$(inherited)",
					"@executable_path/Frameworks",
				);
				MARKETING_VERSION = 1.0;
				PRODUCT_BUNDLE_IDENTIFIER = com.rafa.RIBsArchitecture;
				PRODUCT_NAME = "$(TARGET_NAME)";
				SWIFT_EMIT_LOC_STRINGS = YES;
				SWIFT_VERSION = 5.0;
				TARGETED_DEVICE_FAMILY = "1,2";
			};
			name = Release;
		};
		050969F42D71CFED00563E91 /* Debug */ = {
			isa = XCBuildConfiguration;
			buildSettings = {
				ALWAYS_SEARCH_USER_PATHS = NO;
				ASSETCATALOG_COMPILER_GENERATE_SWIFT_ASSET_SYMBOL_EXTENSIONS = YES;
				CLANG_ANALYZER_NONNULL = YES;
				CLANG_ANALYZER_NUMBER_OBJECT_CONVERSION = YES_AGGRESSIVE;
				CLANG_CXX_LANGUAGE_STANDARD = "gnu++20";
				CLANG_ENABLE_MODULES = YES;
				CLANG_ENABLE_OBJC_ARC = YES;
				CLANG_ENABLE_OBJC_WEAK = YES;
				CLANG_WARN_BLOCK_CAPTURE_AUTORELEASING = YES;
				CLANG_WARN_BOOL_CONVERSION = YES;
				CLANG_WARN_COMMA = YES;
				CLANG_WARN_CONSTANT_CONVERSION = YES;
				CLANG_WARN_DEPRECATED_OBJC_IMPLEMENTATIONS = YES;
				CLANG_WARN_DIRECT_OBJC_ISA_USAGE = YES_ERROR;
				CLANG_WARN_DOCUMENTATION_COMMENTS = YES;
				CLANG_WARN_EMPTY_BODY = YES;
				CLANG_WARN_ENUM_CONVERSION = YES;
				CLANG_WARN_INFINITE_RECURSION = YES;
				CLANG_WARN_INT_CONVERSION = YES;
				CLANG_WARN_NON_LITERAL_NULL_CONVERSION = YES;
				CLANG_WARN_OBJC_IMPLICIT_RETAIN_SELF = YES;
				CLANG_WARN_OBJC_LITERAL_CONVERSION = YES;
				CLANG_WARN_OBJC_ROOT_CLASS = YES_ERROR;
				CLANG_WARN_QUOTED_INCLUDE_IN_FRAMEWORK_HEADER = YES;
				CLANG_WARN_RANGE_LOOP_ANALYSIS = YES;
				CLANG_WARN_STRICT_PROTOTYPES = YES;
				CLANG_WARN_SUSPICIOUS_MOVE = YES;
				CLANG_WARN_UNGUARDED_AVAILABILITY = YES_AGGRESSIVE;
				CLANG_WARN_UNREACHABLE_CODE = YES;
				CLANG_WARN__DUPLICATE_METHOD_MATCH = YES;
				COPY_PHASE_STRIP = NO;
				DEBUG_INFORMATION_FORMAT = dwarf;
				ENABLE_STRICT_OBJC_MSGSEND = YES;
				ENABLE_TESTABILITY = YES;
				ENABLE_USER_SCRIPT_SANDBOXING = YES;
				GCC_C_LANGUAGE_STANDARD = gnu17;
				GCC_DYNAMIC_NO_PIC = NO;
				GCC_NO_COMMON_BLOCKS = YES;
				GCC_OPTIMIZATION_LEVEL = 0;
				GCC_PREPROCESSOR_DEFINITIONS = (
					"DEBUG=1",
					"$(inherited)",
				);
				GCC_WARN_64_TO_32_BIT_CONVERSION = YES;
				GCC_WARN_ABOUT_RETURN_TYPE = YES_ERROR;
				GCC_WARN_UNDECLARED_SELECTOR = YES;
				GCC_WARN_UNINITIALIZED_AUTOS = YES_AGGRESSIVE;
				GCC_WARN_UNUSED_FUNCTION = YES;
				GCC_WARN_UNUSED_VARIABLE = YES;
				IPHONEOS_DEPLOYMENT_TARGET = 18.2;
				LOCALIZATION_PREFERS_STRING_CATALOGS = YES;
				MTL_ENABLE_DEBUG_INFO = INCLUDE_SOURCE;
				MTL_FAST_MATH = YES;
				ONLY_ACTIVE_ARCH = YES;
				SDKROOT = iphoneos;
				SWIFT_ACTIVE_COMPILATION_CONDITIONS = "DEBUG $(inherited)";
				SWIFT_OPTIMIZATION_LEVEL = "-Onone";
			};
			name = Debug;
		};
		050969F52D71CFED00563E91 /* Release */ = {
			isa = XCBuildConfiguration;
			buildSettings = {
				ALWAYS_SEARCH_USER_PATHS = NO;
				ASSETCATALOG_COMPILER_GENERATE_SWIFT_ASSET_SYMBOL_EXTENSIONS = YES;
				CLANG_ANALYZER_NONNULL = YES;
				CLANG_ANALYZER_NUMBER_OBJECT_CONVERSION = YES_AGGRESSIVE;
				CLANG_CXX_LANGUAGE_STANDARD = "gnu++20";
				CLANG_ENABLE_MODULES = YES;
				CLANG_ENABLE_OBJC_ARC = YES;
				CLANG_ENABLE_OBJC_WEAK = YES;
				CLANG_WARN_BLOCK_CAPTURE_AUTORELEASING = YES;
				CLANG_WARN_BOOL_CONVERSION = YES;
				CLANG_WARN_COMMA = YES;
				CLANG_WARN_CONSTANT_CONVERSION = YES;
				CLANG_WARN_DEPRECATED_OBJC_IMPLEMENTATIONS = YES;
				CLANG_WARN_DIRECT_OBJC_ISA_USAGE = YES_ERROR;
				CLANG_WARN_DOCUMENTATION_COMMENTS = YES;
				CLANG_WARN_EMPTY_BODY = YES;
				CLANG_WARN_ENUM_CONVERSION = YES;
				CLANG_WARN_INFINITE_RECURSION = YES;
				CLANG_WARN_INT_CONVERSION = YES;
				CLANG_WARN_NON_LITERAL_NULL_CONVERSION = YES;
				CLANG_WARN_OBJC_IMPLICIT_RETAIN_SELF = YES;
				CLANG_WARN_OBJC_LITERAL_CONVERSION = YES;
				CLANG_WARN_OBJC_ROOT_CLASS = YES_ERROR;
				CLANG_WARN_QUOTED_INCLUDE_IN_FRAMEWORK_HEADER = YES;
				CLANG_WARN_RANGE_LOOP_ANALYSIS = YES;
				CLANG_WARN_STRICT_PROTOTYPES = YES;
				CLANG_WARN_SUSPICIOUS_MOVE = YES;
				CLANG_WARN_UNGUARDED_AVAILABILITY = YES_AGGRESSIVE;
				CLANG_WARN_UNREACHABLE_CODE = YES;
				CLANG_WARN__DUPLICATE_METHOD_MATCH = YES;
				COPY_PHASE_STRIP = NO;
				DEBUG_INFORMATION_FORMAT = "dwarf-with-dsym";
				ENABLE_NS_ASSERTIONS = NO;
				ENABLE_STRICT_OBJC_MSGSEND = YES;
				ENABLE_USER_SCRIPT_SANDBOXING = YES;
				GCC_C_LANGUAGE_STANDARD = gnu17;
				GCC_NO_COMMON_BLOCKS = YES;
				GCC_WARN_64_TO_32_BIT_CONVERSION = YES;
				GCC_WARN_ABOUT_RETURN_TYPE = YES_ERROR;
				GCC_WARN_UNDECLARED_SELECTOR = YES;
				GCC_WARN_UNINITIALIZED_AUTOS = YES_AGGRESSIVE;
				GCC_WARN_UNUSED_FUNCTION = YES;
				GCC_WARN_UNUSED_VARIABLE = YES;
				IPHONEOS_DEPLOYMENT_TARGET = 18.2;
				LOCALIZATION_PREFERS_STRING_CATALOGS = YES;
				MTL_ENABLE_DEBUG_INFO = NO;
				MTL_FAST_MATH = YES;
				SDKROOT = iphoneos;
				SWIFT_COMPILATION_MODE = wholemodule;
				VALIDATE_PRODUCT = YES;
			};
			name = Release;
		};
		050969F72D71CFED00563E91 /* Debug */ = {
			isa = XCBuildConfiguration;
			buildSettings = {
				BUNDLE_LOADER = "$(TEST_HOST)";
				CODE_SIGN_STYLE = Automatic;
				CURRENT_PROJECT_VERSION = 1;
				DEVELOPMENT_TEAM = 7WULLR98GP;
				GENERATE_INFOPLIST_FILE = YES;
				IPHONEOS_DEPLOYMENT_TARGET = 18.2;
				MARKETING_VERSION = 1.0;
				PRODUCT_BUNDLE_IDENTIFIER = com.rafa.RIBsArchitectureTests;
				PRODUCT_NAME = "$(TARGET_NAME)";
				SWIFT_EMIT_LOC_STRINGS = NO;
				SWIFT_VERSION = 5.0;
				TARGETED_DEVICE_FAMILY = "1,2";
				TEST_HOST = "$(BUILT_PRODUCTS_DIR)/RIBsArchitecture.app/$(BUNDLE_EXECUTABLE_FOLDER_PATH)/RIBsArchitecture";
			};
			name = Debug;
		};
		050969F82D71CFED00563E91 /* Release */ = {
			isa = XCBuildConfiguration;
			buildSettings = {
				BUNDLE_LOADER = "$(TEST_HOST)";
				CODE_SIGN_STYLE = Automatic;
				CURRENT_PROJECT_VERSION = 1;
				DEVELOPMENT_TEAM = 7WULLR98GP;
				GENERATE_INFOPLIST_FILE = YES;
				IPHONEOS_DEPLOYMENT_TARGET = 18.2;
				MARKETING_VERSION = 1.0;
				PRODUCT_BUNDLE_IDENTIFIER = com.rafa.RIBsArchitectureTests;
				PRODUCT_NAME = "$(TARGET_NAME)";
				SWIFT_EMIT_LOC_STRINGS = NO;
				SWIFT_VERSION = 5.0;
				TARGETED_DEVICE_FAMILY = "1,2";
				TEST_HOST = "$(BUILT_PRODUCTS_DIR)/RIBsArchitecture.app/$(BUNDLE_EXECUTABLE_FOLDER_PATH)/RIBsArchitecture";
			};
			name = Release;
		};
		050969FA2D71CFED00563E91 /* Debug */ = {
			isa = XCBuildConfiguration;
			buildSettings = {
				CODE_SIGN_STYLE = Automatic;
				CURRENT_PROJECT_VERSION = 1;
				DEVELOPMENT_TEAM = 7WULLR98GP;
				GENERATE_INFOPLIST_FILE = YES;
				MARKETING_VERSION = 1.0;
				PRODUCT_BUNDLE_IDENTIFIER = com.rafa.RIBsArchitectureUITests;
				PRODUCT_NAME = "$(TARGET_NAME)";
				SWIFT_EMIT_LOC_STRINGS = NO;
				SWIFT_VERSION = 5.0;
				TARGETED_DEVICE_FAMILY = "1,2";
				TEST_TARGET_NAME = RIBsArchitecture;
			};
			name = Debug;
		};
		050969FB2D71CFED00563E91 /* Release */ = {
			isa = XCBuildConfiguration;
			buildSettings = {
				CODE_SIGN_STYLE = Automatic;
				CURRENT_PROJECT_VERSION = 1;
				DEVELOPMENT_TEAM = 7WULLR98GP;
				GENERATE_INFOPLIST_FILE = YES;
				MARKETING_VERSION = 1.0;
				PRODUCT_BUNDLE_IDENTIFIER = com.rafa.RIBsArchitectureUITests;
				PRODUCT_NAME = "$(TARGET_NAME)";
				SWIFT_EMIT_LOC_STRINGS = NO;
				SWIFT_VERSION = 5.0;
				TARGETED_DEVICE_FAMILY = "1,2";
				TEST_TARGET_NAME = RIBsArchitecture;
			};
			name = Release;
		};
/* End XCBuildConfiguration section */

/* Begin XCConfigurationList section */
		050969C32D71CFEB00563E91 /* Build configuration list for PBXProject "RIBsArchitecture" */ = {
			isa = XCConfigurationList;
			buildConfigurations = (
				050969F42D71CFED00563E91 /* Debug */,
				050969F52D71CFED00563E91 /* Release */,
			);
			defaultConfigurationIsVisible = 0;
			defaultConfigurationName = Release;
		};
		050969F12D71CFED00563E91 /* Build configuration list for PBXNativeTarget "RIBsArchitecture" */ = {
			isa = XCConfigurationList;
			buildConfigurations = (
				050969F22D71CFED00563E91 /* Debug */,
				050969F32D71CFED00563E91 /* Release */,
			);
			defaultConfigurationIsVisible = 0;
			defaultConfigurationName = Release;
		};
		050969F62D71CFED00563E91 /* Build configuration list for PBXNativeTarget "RIBsArchitectureTests" */ = {
			isa = XCConfigurationList;
			buildConfigurations = (
				050969F72D71CFED00563E91 /* Debug */,
				050969F82D71CFED00563E91 /* Release */,
			);
			defaultConfigurationIsVisible = 0;
			defaultConfigurationName = Release;
		};
		050969F92D71CFED00563E91 /* Build configuration list for PBXNativeTarget "RIBsArchitectureUITests" */ = {
			isa = XCConfigurationList;
			buildConfigurations = (
				050969FA2D71CFED00563E91 /* Debug */,
				050969FB2D71CFED00563E91 /* Release */,
			);
			defaultConfigurationIsVisible = 0;
			defaultConfigurationName = Release;
		};
/* End XCConfigurationList section */

/* Begin XCRemoteSwiftPackageReference section */
		05096A412D74242D00563E91 /* XCRemoteSwiftPackageReference "ModernRIBs" */ = {
			isa = XCRemoteSwiftPackageReference;
			repositoryURL = "https://github.com/DevYeom/ModernRIBs.git";
			requirement = {
				kind = upToNextMajorVersion;
				minimumVersion = 1.0.2;
			};
		};
/* End XCRemoteSwiftPackageReference section */

/* Begin XCSwiftPackageProductDependency section */
		05096A422D74242D00563E91 /* ModernRIBs */ = {
			isa = XCSwiftPackageProductDependency;
			package = 05096A412D74242D00563E91 /* XCRemoteSwiftPackageReference "ModernRIBs" */;
			productName = ModernRIBs;
		};
/* End XCSwiftPackageProductDependency section */
	};
	rootObject = 050969C02D71CFEB00563E91 /* Project object */;
}
